lockfileVersion: '6.0'

settings:
  autoInstallPeers: true
  excludeLinksFromLockfile: false

dependencies:
  '@vercel/analytics':
    specifier: ^1.2.2
    version: 1.2.2

packages:

  /@vercel/analytics@1.2.2:
    resolution: {integrity: sha512-X0rctVWkQV1e5Y300ehVNqpOfSOufo7ieA5PIdna8yX/U7Vjz0GFsGf4qvAhxV02uQ2CVt7GYcrFfddXXK2Y4A==}
    peerDependencies:
      next: '>= 13'
      react: ^18 || ^19
    peerDependenciesMeta:
      next:
        optional: true
      react:
        optional: true
    dependencies:
      server-only: 0.0.1
    dev: false

  /server-only@0.0.1:
    resolution: {integrity: sha512-qepMx2JxAa5jjfzxG79yPPq+8BuFToHd1hm7kI+Z4zAq1ftQiP7HcxMhDDItrbtwVeLg/cY2JnKnrcFkmiswNA==}
    dev: false
